{
  "name": "pokebattle-backend",
  "version": "1.0.0",
  "lockfileVersion": 2,
  "requires": true,
  "packages": {
    "": {
      "name": "pokebattle-backend",
      "version": "1.0.0",
      "license": "MIT",
      "dependencies": {
        "bcrypt": "^5.1.1",
        "cors": "^2.8.5",
        "dotenv": "^16.3.1",
        "express": "^4.18.2",
        "jsonwebtoken": "^9.1.2",
        "mongoose": "^7.6.3"
      },
      "devDependencies": {
        "nodemon": "^3.0.1"
      },
      "engines": {
        "node": ">=16.0.0"
      }
    },
    "node_modules/bcrypt": {
      "version": "5.1.1",
      "resolved": "https://registry.npmjs.org/bcrypt/-/bcrypt-5.1.1.tgz",
      "integrity": "sha512-AGBXOB8EZkJuN0R5/9D1V0EKfOUq7SLb4FgKLbKB46WLhNzqo1d1jJA9P8h2u6K+Yn3QgP1RrZL9jFi3yW1Kw==",
      "hasInstallScript": true,
      "dependencies": {
        "node-pre-gyp": "^0.15.0"
      },
      "engines": {
        "node": ">= 10.0.0"
      }
    },
    "node_modules/cors": {
      "version": "2.8.5",
      "resolved": "https://registry.npmjs.org/cors/-/cors-2.8.5.tgz",
      "integrity": "sha512-KIHbLJqu73RGr/hnbrO9uBXd7aAMNjNTHHlPIXITLnAub08wkaqKGvPy2fb4QtDB6ta2vXnYQxYWG91WMlmeKQ==",
      "dependencies": {
        "object-assign": "^4",
        "vary": "^1"
      },
      "engines": {
        "node": ">= 0.10"
      }
    },
    "node_modules/dotenv": {
      "version": "16.3.1",
      "resolved": "https://registry.npmjs.org/dotenv/-/dotenv-16.3.1.tgz",
      "integrity": "sha512-IPzF4w4/Rd94bA9imS68tZBaYyBWSCE47V1xCo5Z5l7j2jSEyS7hHmB3YF642g/jjGmP7c/7E328Eoevd+giYg==",
      "engines": {
        "node": ">=12"
      }
    },
    "node_modules/express": {
      "version": "4.18.2",
      "resolved": "https://registry.npmjs.org/express/-/express-4.18.2.tgz",
      "integrity": "sha512-5/PsL6iGPdfQ/lKM1UuYUGaF3/SEjU3A3/XRDUeKLRLK/sq7qyzsxnSjEUEqWx50dPHMqMGe7BZcXUWY126Bjw==",
      "dependencies": {
        "accepts": "~1.3.8",
        "array-flatten": "1.1.1",
        "body-parser": "1.20.1",
        "content-disposition": "0.5.4",
        "content-type": "~1.0.4",
        "cookie": "0.5.0",
        "cookie-signature": "1.0.6",
        "debug": "2.6.9",
        "depd": "2.0.0",
        "encodeurl": "~1.0.2",
        "escape-html": "~1.0.3",
        "etag": "~1.8.1",
        "finalhandler": "1.2.0",
        "fresh": "0.5.2",
        "http-errors": "2.0.0",
        "merge-descriptors": "1.0.1",
        "methods": "~1.1.2",
        "on-finished": "2.4.1",
        "parseurl": "~1.3.3",
        "path-to-regexp": "0.1.7",
        "proxy-addr": "~2.0.7",
        "qs": "6.11.0",
        "range-parser": "~1.2.1",
        "safe-buffer": "5.2.1",
        "send": "0.18.0",
        "serve-static": "1.15.0",
        "setprototypeof": "1.2.0",
        "statuses": "2.0.1",
        "type-is": "~1.6.18",
        "utils-merge": "1.0.1",
        "vary": "~1.1.2"
      },
      "engines": {
        "node": ">= 0.10.0"
      }
    },
    "node_modules/jsonwebtoken": {
      "version": "9.1.2",
      "resolved": "https://registry.npmjs.org/jsonwebtoken/-/jsonwebtoken-9.1.2.tgz",
      "integrity": "sha512-YKP5sKqkRbOfm3P0qHZxdtpqq5c5Dk1dEwYmzCqm3NJVtyM9cp7ZwuTv5KpLcinna6OVBF7HIcj5/8TciqdVA==",
      "dependencies": {
        "jws": "^3.2.2",
        "lodash.includes": "^4.3.0",
        "lodash.isboolean": "^3.0.3",
        "lodash.isinteger": "^4.0.4",
        "lodash.isnumber": "^3.0.3",
        "lodash.isplainobject": "^4.0.6",
        "lodash.isstring": "^4.0.1",
        "lodash.once": "^4.1.1",
        "ms": "^2.1.1",
        "semver": "^7.5.4"
      },
      "engines": {
        "node": ">=12"
      }
    },
    "node_modules/mongoose": {
      "version": "7.6.3",
      "resolved": "https://registry.npmjs.org/mongoose/-/mongoose-7.6.3.tgz",
      "integrity": "sha512-bYy3kHoMZ5P5pzJZMgvhxvCFG0qj0zPfR7o7S3GYDlRGJy72pJ5qoVYIUzFGZ9IfQI5LeqFfr8pZDZYx8UL3w==",
      "dependencies": {
        "bson": "^5.4.0",
        "debug": "4.3.4",
        "get-uri": "^6.0.1",
        "kareem": "^2.5.1",
        "mongodb": "^6.3.0",
        "mpath": "^0.9.0",
        "mquery": "^5.0.0",
        "ms": "^2.1.3",
        "skarke": "^6.0.0",
        "sift": "^16.0.1"
      },
      "engines": {
        "node": ">=14.20.1"
      }
    }
  }
}
